<?xml version="1.0" encoding="utf-8"?>
<Project ToolsVersion="4.0" xmlns="http://schemas.microsoft.com/developer/msbuild/2003">
  <ItemGroup>
    <ClCompile Include="arithmetic mean.cpp">
      <Filter>source</Filter>
    </ClCompile>
    <ClCompile Include="factorial.cpp">
      <Filter>source</Filter>
    </ClCompile>
    <ClCompile Include="main.cpp">
      <Filter>source</Filter>
    </ClCompile>
    <ClCompile Include="massiv.cpp">
      <Filter>source</Filter>
    </ClCompile>
    <ClCompile Include="max.cpp">
      <Filter>source</Filter>
    </ClCompile>
    <ClCompile Include="Stepen.cpp">
      <Filter>source</Filter>
    </ClCompile>
    <ClCompile Include="taskWithArray.cpp">
      <Filter>source</Filter>
    </ClCompile>
    <ClCompile Include="sort.cpp">
      <Filter>source</Filter>
    </ClCompile>
    <ClCompile Include="arithmetic.cpp">
      <Filter>source</Filter>
    </ClCompile>
    <ClCompile Include="inverted.cpp" />
  </ItemGroup>
  <ItemGroup>
    <ClInclude Include="array.h">
      <Filter>header</Filter>
    </ClInclude>
    <ClInclude Include="myMath.h">
      <Filter>header</Filter>
    </ClInclude>
    <ClInclude Include="sort.h">
      <Filter>header</Filter>
    </ClInclude>
    <ClInclude Include="taskWithArray.h">
      <Filter>header</Filter>
    </ClInclude>
    <ClInclude Include="Header.h">
      <Filter>header</Filter>
    </ClInclude>
    <ClInclude Include="arithmetic.h">
      <Filter>header</Filter>
    </ClInclude>
  </ItemGroup>
  <ItemGroup>
    <Filter Include="source">
      <UniqueIdentifier>{e56454fc-e7d8-41d4-86e5-fa598fd9b37c}</UniqueIdentifier>
    </Filter>
    <Filter Include="header">
      <UniqueIdentifier>{146a62d2-8dab-4915-a19b-71e7b0fe04cf}</UniqueIdentifier>
    </Filter>
    <Filter Include="hw">
      <UniqueIdentifier>{a5ede7ba-6dee-4224-b3aa-c451f82d72e4}</UniqueIdentifier>
    </Filter>
  </ItemGroup>
  <ItemGroup>
    <Text Include="hw200919.txt">
      <Filter>hw</Filter>
    </Text>
    <Text Include="hw270919.txt">
      <Filter>hw</Filter>
    </Text>
  </ItemGroup>
</Project>